
Microsoft Visual Studio Solution File, Format Version 12.00
# Visual Studio Version 17
VisualStudioVersion = 17.3.32811.315
MinimumVisualStudioVersion = 10.0.40219.1
Project("{9A19103F-16F7-4668-BE54-9A1E7A4F7556}") = "Solid Priciple", "Solid Priciple\Solid Priciple.csproj", "{7A039B30-3BCC-4A24-9F86-A2AB63AF5CB0}"
EndProject
Project("{9A19103F-16F7-4668-BE54-9A1E7A4F7556}") = "Open close priciple", "Open close priciple\Open close priciple.csproj", "{D64BE986-E1CB-4186-8507-1EEA7E5C1D5C}"
EndProject
Project("{FAE04EC0-301F-11D3-BF4B-00C04F79EFBC}") = "Liskov substitution principle", "Liskov substitution principle\Liskov substitution principle.csproj", "{516C5098-2166-429A-AE0E-01191436CE1A}"
EndProject
Global
	GlobalSection(SolutionConfigurationPlatforms) = preSolution
		Debug|Any CPU = Debug|Any CPU
		Release|Any CPU = Release|Any CPU
	EndGlobalSection
	GlobalSection(ProjectConfigurationPlatforms) = postSolution
		{7A039B30-3BCC-4A24-9F86-A2AB63AF5CB0}.Debug|Any CPU.ActiveCfg = Debug|Any CPU
		{7A039B30-3BCC-4A24-9F86-A2AB63AF5CB0}.Debug|Any CPU.Build.0 = Debug|Any CPU
		{7A039B30-3BCC-4A24-9F86-A2AB63AF5CB0}.Release|Any CPU.ActiveCfg = Release|Any CPU
		{7A039B30-3BCC-4A24-9F86-A2AB63AF5CB0}.Release|Any CPU.Build.0 = Release|Any CPU
		{D64BE986-E1CB-4186-8507-1EEA7E5C1D5C}.Debug|Any CPU.ActiveCfg = Debug|Any CPU
		{D64BE986-E1CB-4186-8507-1EEA7E5C1D5C}.Debug|Any CPU.Build.0 = Debug|Any CPU
		{D64BE986-E1CB-4186-8507-1EEA7E5C1D5C}.Release|Any CPU.ActiveCfg = Release|Any CPU
		{D64BE986-E1CB-4186-8507-1EEA7E5C1D5C}.Release|Any CPU.Build.0 = Release|Any CPU
		{516C5098-2166-429A-AE0E-01191436CE1A}.Debug|Any CPU.ActiveCfg = Debug|Any CPU
		{516C5098-2166-429A-AE0E-01191436CE1A}.Debug|Any CPU.Build.0 = Debug|Any CPU
		{516C5098-2166-429A-AE0E-01191436CE1A}.Release|Any CPU.ActiveCfg = Release|Any CPU
		{516C5098-2166-429A-AE0E-01191436CE1A}.Release|Any CPU.Build.0 = Release|Any CPU
	EndGlobalSection
	GlobalSection(SolutionProperties) = preSolution
		HideSolutionNode = FALSE
	EndGlobalSection
	GlobalSection(ExtensibilityGlobals) = postSolution
		SolutionGuid = {099DE309-BEF1-4397-B99F-CFDC6ACA08DC}
	EndGlobalSection
EndGlobal
